
Microsoft Visual Studio Solution File, Format Version 12.00
# Visual Studio Version 17
VisualStudioVersion = 17.1.32319.34
MinimumVisualStudioVersion = 10.0.40219.1
Project("{FAE04EC0-301F-11D3-BF4B-00C04F79EFBC}") = "WebAPI", "WebAPI\WebAPI.csproj", "{B1890909-311A-4D5A-9739-6E7D3127BD56}"
EndProject
Project("{9A19103F-16F7-4668-BE54-9A1E7A4F7556}") = "WebAPIPractise.Common", "WebAPI.Common\WebAPIPractise.Common.csproj", "{039BEA2A-F8DB-4B7D-8736-8D7DD7D35267}"
EndProject
Project("{9A19103F-16F7-4668-BE54-9A1E7A4F7556}") = "WebAPIPractise.Model", "WebAPI.Model\WebAPIPractise.Model.csproj", "{9E5445FC-FE5A-4BAF-9D3C-3D4CEC05B8DB}"
EndProject
Project("{9A19103F-16F7-4668-BE54-9A1E7A4F7556}") = "WebAPIPractise.Service", "WebAPI.Service\WebAPIPractise.Service.csproj", "{0ED86E8E-49EA-4279-8821-1969BC38C925}"
EndProject
Global
	GlobalSection(SolutionConfigurationPlatforms) = preSolution
		Debug|Any CPU = Debug|Any CPU
		Release|Any CPU = Release|Any CPU
	EndGlobalSection
	GlobalSection(ProjectConfigurationPlatforms) = postSolution
		{B1890909-311A-4D5A-9739-6E7D3127BD56}.Debug|Any CPU.ActiveCfg = Debug|Any CPU
		{B1890909-311A-4D5A-9739-6E7D3127BD56}.Debug|Any CPU.Build.0 = Debug|Any CPU
		{B1890909-311A-4D5A-9739-6E7D3127BD56}.Release|Any CPU.ActiveCfg = Release|Any CPU
		{B1890909-311A-4D5A-9739-6E7D3127BD56}.Release|Any CPU.Build.0 = Release|Any CPU
		{039BEA2A-F8DB-4B7D-8736-8D7DD7D35267}.Debug|Any CPU.ActiveCfg = Debug|Any CPU
		{039BEA2A-F8DB-4B7D-8736-8D7DD7D35267}.Debug|Any CPU.Build.0 = Debug|Any CPU
		{039BEA2A-F8DB-4B7D-8736-8D7DD7D35267}.Release|Any CPU.ActiveCfg = Release|Any CPU
		{039BEA2A-F8DB-4B7D-8736-8D7DD7D35267}.Release|Any CPU.Build.0 = Release|Any CPU
		{9E5445FC-FE5A-4BAF-9D3C-3D4CEC05B8DB}.Debug|Any CPU.ActiveCfg = Debug|Any CPU
		{9E5445FC-FE5A-4BAF-9D3C-3D4CEC05B8DB}.Debug|Any CPU.Build.0 = Debug|Any CPU
		{9E5445FC-FE5A-4BAF-9D3C-3D4CEC05B8DB}.Release|Any CPU.ActiveCfg = Release|Any CPU
		{9E5445FC-FE5A-4BAF-9D3C-3D4CEC05B8DB}.Release|Any CPU.Build.0 = Release|Any CPU
		{0ED86E8E-49EA-4279-8821-1969BC38C925}.Debug|Any CPU.ActiveCfg = Debug|Any CPU
		{0ED86E8E-49EA-4279-8821-1969BC38C925}.Debug|Any CPU.Build.0 = Debug|Any CPU
		{0ED86E8E-49EA-4279-8821-1969BC38C925}.Release|Any CPU.ActiveCfg = Release|Any CPU
		{0ED86E8E-49EA-4279-8821-1969BC38C925}.Release|Any CPU.Build.0 = Release|Any CPU
	EndGlobalSection
	GlobalSection(SolutionProperties) = preSolution
		HideSolutionNode = FALSE
	EndGlobalSection
	GlobalSection(ExtensibilityGlobals) = postSolution
		SolutionGuid = {BD93BFAF-671E-4C53-83AD-21150474B64E}
	EndGlobalSection
EndGlobal
